// !$*UTF8*$!
{
	archiveVersion = 1;
	classes = {
	};
	objectVersion = 55;
	objects = {

/* Begin PBXBuildFile section */
		A11FD61C28B3E30100443DD5 /* CoverImageView.swift in Sources */ = {isa = PBXBuildFile; fileRef = A11FD61B28B3E30100443DD5 /* CoverImageView.swift */; };
		A11FD61E28B3EE6C00443DD5 /* CoverImage.swift in Sources */ = {isa = PBXBuildFile; fileRef = A11FD61D28B3EE6C00443DD5 /* CoverImage.swift */; };
		A11FD62228B3EFD300443DD5 /* CodableBundleExtension.swift in Sources */ = {isa = PBXBuildFile; fileRef = A11FD62128B3EFD300443DD5 /* CodableBundleExtension.swift */; };
		A11FD62428B413DF00443DD5 /* AnimalListItemView.swift in Sources */ = {isa = PBXBuildFile; fileRef = A11FD62328B413DF00443DD5 /* AnimalListItemView.swift */; };
		A11FD62628B41F1300443DD5 /* AnimalModel.swift in Sources */ = {isa = PBXBuildFile; fileRef = A11FD62528B41F1300443DD5 /* AnimalModel.swift */; };
		A11FD62828B5134900443DD5 /* AnimalDetailView.swift in Sources */ = {isa = PBXBuildFile; fileRef = A11FD62728B5134900443DD5 /* AnimalDetailView.swift */; };
		A11FD62A28B5165800443DD5 /* HeadingView.swift in Sources */ = {isa = PBXBuildFile; fileRef = A11FD62928B5165800443DD5 /* HeadingView.swift */; };
		A11FD62C28B5179E00443DD5 /* InsetGalleryView.swift in Sources */ = {isa = PBXBuildFile; fileRef = A11FD62B28B5179E00443DD5 /* InsetGalleryView.swift */; };
		A11FD62E28B51C0E00443DD5 /* InsetFactView.swift in Sources */ = {isa = PBXBuildFile; fileRef = A11FD62D28B51C0E00443DD5 /* InsetFactView.swift */; };
		A11FD63028B5216B00443DD5 /* InsetMapView.swift in Sources */ = {isa = PBXBuildFile; fileRef = A11FD62F28B5216B00443DD5 /* InsetMapView.swift */; };
		A11FD63228B5243200443DD5 /* ExternalWeblinkView.swift in Sources */ = {isa = PBXBuildFile; fileRef = A11FD63128B5243200443DD5 /* ExternalWeblinkView.swift */; };
		A11FD63428B53FDA00443DD5 /* VideoModel.swift in Sources */ = {isa = PBXBuildFile; fileRef = A11FD63328B53FDA00443DD5 /* VideoModel.swift */; };
		A11FD63628B5405600443DD5 /* VideoListItem.swift in Sources */ = {isa = PBXBuildFile; fileRef = A11FD63528B5405600443DD5 /* VideoListItem.swift */; };
		A145D87E28B3C9B30027D822 /* AfricaApp.swift in Sources */ = {isa = PBXBuildFile; fileRef = A145D87D28B3C9B30027D822 /* AfricaApp.swift */; };
		A145D88028B3C9B30027D822 /* ContentView.swift in Sources */ = {isa = PBXBuildFile; fileRef = A145D87F28B3C9B30027D822 /* ContentView.swift */; };
		A145D88228B3C9B50027D822 /* Assets.xcassets in Resources */ = {isa = PBXBuildFile; fileRef = A145D88128B3C9B50027D822 /* Assets.xcassets */; };
		A145D88528B3C9B50027D822 /* Preview Assets.xcassets in Resources */ = {isa = PBXBuildFile; fileRef = A145D88428B3C9B50027D822 /* Preview Assets.xcassets */; };
		A145D89628B3CB690027D822 /* rhino.mp4 in Resources */ = {isa = PBXBuildFile; fileRef = A145D88C28B3CB690027D822 /* rhino.mp4 */; };
		A145D89728B3CB690027D822 /* zebra.mp4 in Resources */ = {isa = PBXBuildFile; fileRef = A145D88D28B3CB690027D822 /* zebra.mp4 */; };
		A145D89828B3CB690027D822 /* lion.mp4 in Resources */ = {isa = PBXBuildFile; fileRef = A145D88E28B3CB690027D822 /* lion.mp4 */; };
		A145D89928B3CB690027D822 /* elephant.mp4 in Resources */ = {isa = PBXBuildFile; fileRef = A145D88F28B3CB690027D822 /* elephant.mp4 */; };
		A145D89A28B3CB690027D822 /* lioness.mp4 in Resources */ = {isa = PBXBuildFile; fileRef = A145D89028B3CB690027D822 /* lioness.mp4 */; };
		A145D89B28B3CB690027D822 /* giraffe.mp4 in Resources */ = {isa = PBXBuildFile; fileRef = A145D89128B3CB690027D822 /* giraffe.mp4 */; };
		A145D89C28B3CB690027D822 /* cheetah.mp4 in Resources */ = {isa = PBXBuildFile; fileRef = A145D89228B3CB690027D822 /* cheetah.mp4 */; };
		A145D89D28B3CB690027D822 /* hippo.mp4 in Resources */ = {isa = PBXBuildFile; fileRef = A145D89328B3CB690027D822 /* hippo.mp4 */; };
		A145D89E28B3CB690027D822 /* gorilla.mp4 in Resources */ = {isa = PBXBuildFile; fileRef = A145D89428B3CB690027D822 /* gorilla.mp4 */; };
		A145D89F28B3CB690027D822 /* ostrich.mp4 in Resources */ = {isa = PBXBuildFile; fileRef = A145D89528B3CB690027D822 /* ostrich.mp4 */; };
		A145D8A528B3CBA00027D822 /* covers.json in Resources */ = {isa = PBXBuildFile; fileRef = A145D8A128B3CBA00027D822 /* covers.json */; };
		A145D8A628B3CBA00027D822 /* videos.json in Resources */ = {isa = PBXBuildFile; fileRef = A145D8A228B3CBA00027D822 /* videos.json */; };
		A145D8A728B3CBA00027D822 /* locations.json in Resources */ = {isa = PBXBuildFile; fileRef = A145D8A328B3CBA00027D822 /* locations.json */; };
		A145D8A828B3CBA00027D822 /* animals.json in Resources */ = {isa = PBXBuildFile; fileRef = A145D8A428B3CBA00027D822 /* animals.json */; };
		A145D8AD28B3CD840027D822 /* VideoListView.swift in Sources */ = {isa = PBXBuildFile; fileRef = A145D8AC28B3CD840027D822 /* VideoListView.swift */; };
		A145D8AF28B3CD980027D822 /* MapView.swift in Sources */ = {isa = PBXBuildFile; fileRef = A145D8AE28B3CD980027D822 /* MapView.swift */; };
		A145D8B128B3CDB10027D822 /* GalleryView.swift in Sources */ = {isa = PBXBuildFile; fileRef = A145D8B028B3CDB10027D822 /* GalleryView.swift */; };
		A145D8B528B3CDD00027D822 /* MainView.swift in Sources */ = {isa = PBXBuildFile; fileRef = A145D8B428B3CDD00027D822 /* MainView.swift */; };
		A15CBCE328B937B3002EAE05 /* VideoPlayerView.swift in Sources */ = {isa = PBXBuildFile; fileRef = A15CBCE228B937B3002EAE05 /* VideoPlayerView.swift */; };
		A15CBCE628B938DF002EAE05 /* VideoPlayerHelper.swift in Sources */ = {isa = PBXBuildFile; fileRef = A15CBCE528B938DF002EAE05 /* VideoPlayerHelper.swift */; };
/* End PBXBuildFile section */

/* Begin PBXFileReference section */
		A11FD61B28B3E30100443DD5 /* CoverImageView.swift */ = {isa = PBXFileReference; lastKnownFileType = sourcecode.swift; path = CoverImageView.swift; sourceTree = "<group>"; };
		A11FD61D28B3EE6C00443DD5 /* CoverImage.swift */ = {isa = PBXFileReference; lastKnownFileType = sourcecode.swift; path = CoverImage.swift; sourceTree = "<group>"; };
		A11FD62128B3EFD300443DD5 /* CodableBundleExtension.swift */ = {isa = PBXFileReference; lastKnownFileType = sourcecode.swift; path = CodableBundleExtension.swift; sourceTree = "<group>"; };
		A11FD62328B413DF00443DD5 /* AnimalListItemView.swift */ = {isa = PBXFileReference; lastKnownFileType = sourcecode.swift; path = AnimalListItemView.swift; sourceTree = "<group>"; };
		A11FD62528B41F1300443DD5 /* AnimalModel.swift */ = {isa = PBXFileReference; lastKnownFileType = sourcecode.swift; path = AnimalModel.swift; sourceTree = "<group>"; };
		A11FD62728B5134900443DD5 /* AnimalDetailView.swift */ = {isa = PBXFileReference; lastKnownFileType = sourcecode.swift; path = AnimalDetailView.swift; sourceTree = "<group>"; };
		A11FD62928B5165800443DD5 /* HeadingView.swift */ = {isa = PBXFileReference; lastKnownFileType = sourcecode.swift; path = HeadingView.swift; sourceTree = "<group>"; };
		A11FD62B28B5179E00443DD5 /* InsetGalleryView.swift */ = {isa = PBXFileReference; lastKnownFileType = sourcecode.swift; path = InsetGalleryView.swift; sourceTree = "<group>"; };
		A11FD62D28B51C0E00443DD5 /* InsetFactView.swift */ = {isa = PBXFileReference; lastKnownFileType = sourcecode.swift; path = InsetFactView.swift; sourceTree = "<group>"; };
		A11FD62F28B5216B00443DD5 /* InsetMapView.swift */ = {isa = PBXFileReference; lastKnownFileType = sourcecode.swift; path = InsetMapView.swift; sourceTree = "<group>"; };
		A11FD63128B5243200443DD5 /* ExternalWeblinkView.swift */ = {isa = PBXFileReference; lastKnownFileType = sourcecode.swift; path = ExternalWeblinkView.swift; sourceTree = "<group>"; };
		A11FD63328B53FDA00443DD5 /* VideoModel.swift */ = {isa = PBXFileReference; lastKnownFileType = sourcecode.swift; path = VideoModel.swift; sourceTree = "<group>"; };
		A11FD63528B5405600443DD5 /* VideoListItem.swift */ = {isa = PBXFileReference; lastKnownFileType = sourcecode.swift; path = VideoListItem.swift; sourceTree = "<group>"; };
		A145D87A28B3C9B30027D822 /* Africa.app */ = {isa = PBXFileReference; explicitFileType = wrapper.application; includeInIndex = 0; path = Africa.app; sourceTree = BUILT_PRODUCTS_DIR; };
		A145D87D28B3C9B30027D822 /* AfricaApp.swift */ = {isa = PBXFileReference; lastKnownFileType = sourcecode.swift; path = AfricaApp.swift; sourceTree = "<group>"; };
		A145D87F28B3C9B30027D822 /* ContentView.swift */ = {isa = PBXFileReference; lastKnownFileType = sourcecode.swift; path = ContentView.swift; sourceTree = "<group>"; };
		A145D88128B3C9B50027D822 /* Assets.xcassets */ = {isa = PBXFileReference; lastKnownFileType = folder.assetcatalog; path = Assets.xcassets; sourceTree = "<group>"; };
		A145D88428B3C9B50027D822 /* Preview Assets.xcassets */ = {isa = PBXFileReference; lastKnownFileType = folder.assetcatalog; path = "Preview Assets.xcassets"; sourceTree = "<group>"; };
		A145D88C28B3CB690027D822 /* rhino.mp4 */ = {isa = PBXFileReference; lastKnownFileType = file; name = rhino.mp4; path = ../../../../Resources/video/rhino.mp4; sourceTree = "<group>"; };
		A145D88D28B3CB690027D822 /* zebra.mp4 */ = {isa = PBXFileReference; lastKnownFileType = file; name = zebra.mp4; path = ../../../../Resources/video/zebra.mp4; sourceTree = "<group>"; };
		A145D88E28B3CB690027D822 /* lion.mp4 */ = {isa = PBXFileReference; lastKnownFileType = file; name = lion.mp4; path = ../../../../Resources/video/lion.mp4; sourceTree = "<group>"; };
		A145D88F28B3CB690027D822 /* elephant.mp4 */ = {isa = PBXFileReference; lastKnownFileType = file; name = elephant.mp4; path = ../../../../Resources/video/elephant.mp4; sourceTree = "<group>"; };
		A145D89028B3CB690027D822 /* lioness.mp4 */ = {isa = PBXFileReference; lastKnownFileType = file; name = lioness.mp4; path = ../../../../Resources/video/lioness.mp4; sourceTree = "<group>"; };
		A145D89128B3CB690027D822 /* giraffe.mp4 */ = {isa = PBXFileReference; lastKnownFileType = file; name = giraffe.mp4; path = ../../../../Resources/video/giraffe.mp4; sourceTree = "<group>"; };
		A145D89228B3CB690027D822 /* cheetah.mp4 */ = {isa = PBXFileReference; lastKnownFileType = file; name = cheetah.mp4; path = ../../../../Resources/video/cheetah.mp4; sourceTree = "<group>"; };
		A145D89328B3CB690027D822 /* hippo.mp4 */ = {isa = PBXFileReference; lastKnownFileType = file; name = hippo.mp4; path = ../../../../Resources/video/hippo.mp4; sourceTree = "<group>"; };
		A145D89428B3CB690027D822 /* gorilla.mp4 */ = {isa = PBXFileReference; lastKnownFileType = file; name = gorilla.mp4; path = ../../../../Resources/video/gorilla.mp4; sourceTree = "<group>"; };
		A145D89528B3CB690027D822 /* ostrich.mp4 */ = {isa = PBXFileReference; lastKnownFileType = file; name = ostrich.mp4; path = ../../../../Resources/video/ostrich.mp4; sourceTree = "<group>"; };
		A145D8A128B3CBA00027D822 /* covers.json */ = {isa = PBXFileReference; fileEncoding = 4; lastKnownFileType = text.json; name = covers.json; path = ../../../../Resources/data/covers.json; sourceTree = "<group>"; };
		A145D8A228B3CBA00027D822 /* videos.json */ = {isa = PBXFileReference; fileEncoding = 4; lastKnownFileType = text.json; name = videos.json; path = ../../../../Resources/data/videos.json; sourceTree = "<group>"; };
		A145D8A328B3CBA00027D822 /* locations.json */ = {isa = PBXFileReference; fileEncoding = 4; lastKnownFileType = text.json; name = locations.json; path = ../../../../Resources/data/locations.json; sourceTree = "<group>"; };
		A145D8A428B3CBA00027D822 /* animals.json */ = {isa = PBXFileReference; fileEncoding = 4; lastKnownFileType = text.json; name = animals.json; path = ../../../../Resources/data/animals.json; sourceTree = "<group>"; };
		A145D8A928B3CC800027D822 /* Info.plist */ = {isa = PBXFileReference; lastKnownFileType = text.plist; path = Info.plist; sourceTree = "<group>"; };
		A145D8AC28B3CD840027D822 /* VideoListView.swift */ = {isa = PBXFileReference; lastKnownFileType = sourcecode.swift; path = VideoListView.swift; sourceTree = "<group>"; };
		A145D8AE28B3CD980027D822 /* MapView.swift */ = {isa = PBXFileReference; lastKnownFileType = sourcecode.swift; path = MapView.swift; sourceTree = "<group>"; };
		A145D8B028B3CDB10027D822 /* GalleryView.swift */ = {isa = PBXFileReference; lastKnownFileType = sourcecode.swift; path = GalleryView.swift; sourceTree = "<group>"; };
		A145D8B428B3CDD00027D822 /* MainView.swift */ = {isa = PBXFileReference; lastKnownFileType = sourcecode.swift; path = MainView.swift; sourceTree = "<group>"; };
		A15CBCE228B937B3002EAE05 /* VideoPlayerView.swift */ = {isa = PBXFileReference; lastKnownFileType = sourcecode.swift; path = VideoPlayerView.swift; sourceTree = "<group>"; };
		A15CBCE528B938DF002EAE05 /* VideoPlayerHelper.swift */ = {isa = PBXFileReference; lastKnownFileType = sourcecode.swift; path = VideoPlayerHelper.swift; sourceTree = "<group>"; };
/* End PBXFileReference section */

/* Begin PBXFrameworksBuildPhase section */
		A145D87728B3C9B30027D822 /* Frameworks */ = {
			isa = PBXFrameworksBuildPhase;
			buildActionMask = 2147483647;
			files = (
			);
			runOnlyForDeploymentPostprocessing = 0;
		};
/* End PBXFrameworksBuildPhase section */

/* Begin PBXGroup section */
		A11FD61F28B3EEA400443DD5 /* Model */ = {
			isa = PBXGroup;
			children = (
				A11FD61D28B3EE6C00443DD5 /* CoverImage.swift */,
				A11FD63328B53FDA00443DD5 /* VideoModel.swift */,
				A11FD62528B41F1300443DD5 /* AnimalModel.swift */,
			);
			path = Model;
			sourceTree = "<group>";
		};
		A11FD62028B3EFC400443DD5 /* Extension */ = {
			isa = PBXGroup;
			children = (
				A11FD62128B3EFD300443DD5 /* CodableBundleExtension.swift */,
			);
			path = Extension;
			sourceTree = "<group>";
		};
		A145D87128B3C9B30027D822 = {
			isa = PBXGroup;
			children = (
				A145D87C28B3C9B30027D822 /* Africa */,
				A145D87B28B3C9B30027D822 /* Products */,
			);
			sourceTree = "<group>";
		};
		A145D87B28B3C9B30027D822 /* Products */ = {
			isa = PBXGroup;
			children = (
				A145D87A28B3C9B30027D822 /* Africa.app */,
			);
			name = Products;
			sourceTree = "<group>";
		};
		A145D87C28B3C9B30027D822 /* Africa */ = {
			isa = PBXGroup;
			children = (
				A15CBCE428B938D3002EAE05 /* Utilities */,
				A11FD62028B3EFC400443DD5 /* Extension */,
				A11FD61F28B3EEA400443DD5 /* Model */,
				A145D8A028B3CB940027D822 /* Data */,
				A145D8AA28B3CD310027D822 /* Screen */,
				A145D8AB28B3CD5A0027D822 /* View */,
				A145D88B28B3CB3E0027D822 /* Video */,
				A145D8A928B3CC800027D822 /* Info.plist */,
				A145D87D28B3C9B30027D822 /* AfricaApp.swift */,
				A145D88128B3C9B50027D822 /* Assets.xcassets */,
				A145D88328B3C9B50027D822 /* Preview Content */,
			);
			path = Africa;
			sourceTree = "<group>";
		};
		A145D88328B3C9B50027D822 /* Preview Content */ = {
			isa = PBXGroup;
			children = (
				A145D88428B3C9B50027D822 /* Preview Assets.xcassets */,
			);
			path = "Preview Content";
			sourceTree = "<group>";
		};
		A145D88B28B3CB3E0027D822 /* Video */ = {
			isa = PBXGroup;
			children = (
				A145D89228B3CB690027D822 /* cheetah.mp4 */,
				A145D88F28B3CB690027D822 /* elephant.mp4 */,
				A145D89128B3CB690027D822 /* giraffe.mp4 */,
				A145D89428B3CB690027D822 /* gorilla.mp4 */,
				A145D89328B3CB690027D822 /* hippo.mp4 */,
				A145D88E28B3CB690027D822 /* lion.mp4 */,
				A145D89028B3CB690027D822 /* lioness.mp4 */,
				A145D89528B3CB690027D822 /* ostrich.mp4 */,
				A145D88C28B3CB690027D822 /* rhino.mp4 */,
				A145D88D28B3CB690027D822 /* zebra.mp4 */,
			);
			path = Video;
			sourceTree = "<group>";
		};
		A145D8A028B3CB940027D822 /* Data */ = {
			isa = PBXGroup;
			children = (
				A145D8A428B3CBA00027D822 /* animals.json */,
				A145D8A128B3CBA00027D822 /* covers.json */,
				A145D8A328B3CBA00027D822 /* locations.json */,
				A145D8A228B3CBA00027D822 /* videos.json */,
			);
			path = Data;
			sourceTree = "<group>";
		};
		A145D8AA28B3CD310027D822 /* Screen */ = {
			isa = PBXGroup;
			children = (
				A145D87F28B3C9B30027D822 /* ContentView.swift */,
				A145D8AC28B3CD840027D822 /* VideoListView.swift */,
				A145D8AE28B3CD980027D822 /* MapView.swift */,
				A145D8B028B3CDB10027D822 /* GalleryView.swift */,
				A145D8B428B3CDD00027D822 /* MainView.swift */,
				A11FD62728B5134900443DD5 /* AnimalDetailView.swift */,
			);
			path = Screen;
			sourceTree = "<group>";
		};
		A145D8AB28B3CD5A0027D822 /* View */ = {
			isa = PBXGroup;
			children = (
				A11FD61B28B3E30100443DD5 /* CoverImageView.swift */,
				A11FD62328B413DF00443DD5 /* AnimalListItemView.swift */,
				A11FD62928B5165800443DD5 /* HeadingView.swift */,
				A11FD62B28B5179E00443DD5 /* InsetGalleryView.swift */,
				A11FD62D28B51C0E00443DD5 /* InsetFactView.swift */,
				A11FD62F28B5216B00443DD5 /* InsetMapView.swift */,
				A11FD63128B5243200443DD5 /* ExternalWeblinkView.swift */,
				A11FD63528B5405600443DD5 /* VideoListItem.swift */,
				A15CBCE228B937B3002EAE05 /* VideoPlayerView.swift */,
			);
			path = View;
			sourceTree = "<group>";
		};
		A15CBCE428B938D3002EAE05 /* Utilities */ = {
			isa = PBXGroup;
			children = (
				A15CBCE528B938DF002EAE05 /* VideoPlayerHelper.swift */,
			);
			path = Utilities;
			sourceTree = "<group>";
		};
/* End PBXGroup section */

/* Begin PBXNativeTarget section */
		A145D87928B3C9B30027D822 /* Africa */ = {
			isa = PBXNativeTarget;
			buildConfigurationList = A145D88828B3C9B50027D822 /* Build configuration list for PBXNativeTarget "Africa" */;
			buildPhases = (
				A145D87628B3C9B30027D822 /* Sources */,
				A145D87728B3C9B30027D822 /* Frameworks */,
				A145D87828B3C9B30027D822 /* Resources */,
			);
			buildRules = (
			);
			dependencies = (
			);
			name = Africa;
			productName = Africa;
			productReference = A145D87A28B3C9B30027D822 /* Africa.app */;
			productType = "com.apple.product-type.application";
		};
/* End PBXNativeTarget section */

/* Begin PBXProject section */
		A145D87228B3C9B30027D822 /* Project object */ = {
			isa = PBXProject;
			attributes = {
				BuildIndependentTargetsInParallel = 1;
				LastSwiftUpdateCheck = 1340;
				LastUpgradeCheck = 1340;
				TargetAttributes = {
					A145D87928B3C9B30027D822 = {
						CreatedOnToolsVersion = 13.4.1;
					};
				};
			};
			buildConfigurationList = A145D87528B3C9B30027D822 /* Build configuration list for PBXProject "Africa" */;
			compatibilityVersion = "Xcode 13.0";
			developmentRegion = en;
			hasScannedForEncodings = 0;
			knownRegions = (
				en,
				Base,
			);
			mainGroup = A145D87128B3C9B30027D822;
			productRefGroup = A145D87B28B3C9B30027D822 /* Products */;
			projectDirPath = "";
			projectRoot = "";
			targets = (
				A145D87928B3C9B30027D822 /* Africa */,
			);
		};
/* End PBXProject section */

/* Begin PBXResourcesBuildPhase section */
		A145D87828B3C9B30027D822 /* Resources */ = {
			isa = PBXResourcesBuildPhase;
			buildActionMask = 2147483647;
			files = (
				A145D8A528B3CBA00027D822 /* covers.json in Resources */,
				A145D89D28B3CB690027D822 /* hippo.mp4 in Resources */,
				A145D89728B3CB690027D822 /* zebra.mp4 in Resources */,
				A145D8A628B3CBA00027D822 /* videos.json in Resources */,
				A145D89628B3CB690027D822 /* rhino.mp4 in Resources */,
				A145D89928B3CB690027D822 /* elephant.mp4 in Resources */,
				A145D88528B3C9B50027D822 /* Preview Assets.xcassets in Resources */,
				A145D8A728B3CBA00027D822 /* locations.json in Resources */,
				A145D89828B3CB690027D822 /* lion.mp4 in Resources */,
				A145D8A828B3CBA00027D822 /* animals.json in Resources */,
				A145D89F28B3CB690027D822 /* ostrich.mp4 in Resources */,
				A145D89A28B3CB690027D822 /* lioness.mp4 in Resources */,
				A145D89B28B3CB690027D822 /* giraffe.mp4 in Resources */,
				A145D88228B3C9B50027D822 /* Assets.xcassets in Resources */,
				A145D89C28B3CB690027D822 /* cheetah.mp4 in Resources */,
				A145D89E28B3CB690027D822 /* gorilla.mp4 in Resources */,
			);
			runOnlyForDeploymentPostprocessing = 0;
		};
/* End PBXResourcesBuildPhase section */

/* Begin PBXSourcesBuildPhase section */
		A145D87628B3C9B30027D822 /* Sources */ = {
			isa = PBXSourcesBuildPhase;
			buildActionMask = 2147483647;
			files = (
				A11FD63228B5243200443DD5 /* ExternalWeblinkView.swift in Sources */,
				A145D88028B3C9B30027D822 /* ContentView.swift in Sources */,
				A11FD62428B413DF00443DD5 /* AnimalListItemView.swift in Sources */,
				A145D8B528B3CDD00027D822 /* MainView.swift in Sources */,
				A11FD62E28B51C0E00443DD5 /* InsetFactView.swift in Sources */,
				A11FD61C28B3E30100443DD5 /* CoverImageView.swift in Sources */,
				A145D8AF28B3CD980027D822 /* MapView.swift in Sources */,
				A11FD62828B5134900443DD5 /* AnimalDetailView.swift in Sources */,
				A11FD62628B41F1300443DD5 /* AnimalModel.swift in Sources */,
				A145D87E28B3C9B30027D822 /* AfricaApp.swift in Sources */,
				A15CBCE628B938DF002EAE05 /* VideoPlayerHelper.swift in Sources */,
				A11FD63028B5216B00443DD5 /* InsetMapView.swift in Sources */,
				A11FD61E28B3EE6C00443DD5 /* CoverImage.swift in Sources */,
				A145D8AD28B3CD840027D822 /* VideoListView.swift in Sources */,
				A11FD63428B53FDA00443DD5 /* VideoModel.swift in Sources */,
				A145D8B128B3CDB10027D822 /* GalleryView.swift in Sources */,
				A11FD62C28B5179E00443DD5 /* InsetGalleryView.swift in Sources */,
				A11FD63628B5405600443DD5 /* VideoListItem.swift in Sources */,
				A11FD62228B3EFD300443DD5 /* CodableBundleExtension.swift in Sources */,
				A11FD62A28B5165800443DD5 /* HeadingView.swift in Sources */,
				A15CBCE328B937B3002EAE05 /* VideoPlayerView.swift in Sources */,
			);
			runOnlyForDeploymentPostprocessing = 0;
		};
/* End PBXSourcesBuildPhase section */

/* Begin XCBuildConfiguration section */
		A145D88628B3C9B50027D822 /* Debug */ = {
			isa = XCBuildConfiguration;
			buildSettings = {
				ALWAYS_SEARCH_USER_PATHS = NO;
				CLANG_ANALYZER_NONNULL = YES;
				CLANG_ANALYZER_NUMBER_OBJECT_CONVERSION = YES_AGGRESSIVE;
				CLANG_CXX_LANGUAGE_STANDARD = "gnu++17";
				CLANG_ENABLE_MODULES = YES;
				CLANG_ENABLE_OBJC_ARC = YES;
				CLANG_ENABLE_OBJC_WEAK = YES;
				CLANG_WARN_BLOCK_CAPTURE_AUTORELEASING = YES;
				CLANG_WARN_BOOL_CONVERSION = YES;
				CLANG_WARN_COMMA = YES;
				CLANG_WARN_CONSTANT_CONVERSION = YES;
				CLANG_WARN_DEPRECATED_OBJC_IMPLEMENTATIONS = YES;
				CLANG_WARN_DIRECT_OBJC_ISA_USAGE = YES_ERROR;
				CLANG_WARN_DOCUMENTATION_COMMENTS = YES;
				CLANG_WARN_EMPTY_BODY = YES;
				CLANG_WARN_ENUM_CONVERSION = YES;
				CLANG_WARN_INFINITE_RECURSION = YES;
				CLANG_WARN_INT_CONVERSION = YES;
				CLANG_WARN_NON_LITERAL_NULL_CONVERSION = YES;
				CLANG_WARN_OBJC_IMPLICIT_RETAIN_SELF = YES;
				CLANG_WARN_OBJC_LITERAL_CONVERSION = YES;
				CLANG_WARN_OBJC_ROOT_CLASS = YES_ERROR;
				CLANG_WARN_QUOTED_INCLUDE_IN_FRAMEWORK_HEADER = YES;
				CLANG_WARN_RANGE_LOOP_ANALYSIS = YES;
				CLANG_WARN_STRICT_PROTOTYPES = YES;
				CLANG_WARN_SUSPICIOUS_MOVE = YES;
				CLANG_WARN_UNGUARDED_AVAILABILITY = YES_AGGRESSIVE;
				CLANG_WARN_UNREACHABLE_CODE = YES;
				CLANG_WARN__DUPLICATE_METHOD_MATCH = YES;
				COPY_PHASE_STRIP = NO;
				DEBUG_INFORMATION_FORMAT = dwarf;
				ENABLE_STRICT_OBJC_MSGSEND = YES;
				ENABLE_TESTABILITY = YES;
				GCC_C_LANGUAGE_STANDARD = gnu11;
				GCC_DYNAMIC_NO_PIC = NO;
				GCC_NO_COMMON_BLOCKS = YES;
				GCC_OPTIMIZATION_LEVEL = 0;
				GCC_PREPROCESSOR_DEFINITIONS = (
					"DEBUG=1",
					"$(inherited)",
				);
				GCC_WARN_64_TO_32_BIT_CONVERSION = YES;
				GCC_WARN_ABOUT_RETURN_TYPE = YES_ERROR;
				GCC_WARN_UNDECLARED_SELECTOR = YES;
				GCC_WARN_UNINITIALIZED_AUTOS = YES_AGGRESSIVE;
				GCC_WARN_UNUSED_FUNCTION = YES;
				GCC_WARN_UNUSED_VARIABLE = YES;
				IPHONEOS_DEPLOYMENT_TARGET = 15.5;
				MTL_ENABLE_DEBUG_INFO = INCLUDE_SOURCE;
				MTL_FAST_MATH = YES;
				ONLY_ACTIVE_ARCH = YES;
				SDKROOT = iphoneos;
				SWIFT_ACTIVE_COMPILATION_CONDITIONS = DEBUG;
				SWIFT_OPTIMIZATION_LEVEL = "-Onone";
			};
			name = Debug;
		};
		A145D88728B3C9B50027D822 /* Release */ = {
			isa = XCBuildConfiguration;
			buildSettings = {
				ALWAYS_SEARCH_USER_PATHS = NO;
				CLANG_ANALYZER_NONNULL = YES;
				CLANG_ANALYZER_NUMBER_OBJECT_CONVERSION = YES_AGGRESSIVE;
				CLANG_CXX_LANGUAGE_STANDARD = "gnu++17";
				CLANG_ENABLE_MODULES = YES;
				CLANG_ENABLE_OBJC_ARC = YES;
				CLANG_ENABLE_OBJC_WEAK = YES;
				CLANG_WARN_BLOCK_CAPTURE_AUTORELEASING = YES;
				CLANG_WARN_BOOL_CONVERSION = YES;
				CLANG_WARN_COMMA = YES;
				CLANG_WARN_CONSTANT_CONVERSION = YES;
				CLANG_WARN_DEPRECATED_OBJC_IMPLEMENTATIONS = YES;
				CLANG_WARN_DIRECT_OBJC_ISA_USAGE = YES_ERROR;
				CLANG_WARN_DOCUMENTATION_COMMENTS = YES;
				CLANG_WARN_EMPTY_BODY = YES;
				CLANG_WARN_ENUM_CONVERSION = YES;
				CLANG_WARN_INFINITE_RECURSION = YES;
				CLANG_WARN_INT_CONVERSION = YES;
				CLANG_WARN_NON_LITERAL_NULL_CONVERSION = YES;
				CLANG_WARN_OBJC_IMPLICIT_RETAIN_SELF = YES;
				CLANG_WARN_OBJC_LITERAL_CONVERSION = YES;
				CLANG_WARN_OBJC_ROOT_CLASS = YES_ERROR;
				CLANG_WARN_QUOTED_INCLUDE_IN_FRAMEWORK_HEADER = YES;
				CLANG_WARN_RANGE_LOOP_ANALYSIS = YES;
				CLANG_WARN_STRICT_PROTOTYPES = YES;
				CLANG_WARN_SUSPICIOUS_MOVE = YES;
				CLANG_WARN_UNGUARDED_AVAILABILITY = YES_AGGRESSIVE;
				CLANG_WARN_UNREACHABLE_CODE = YES;
				CLANG_WARN__DUPLICATE_METHOD_MATCH = YES;
				COPY_PHASE_STRIP = NO;
				DEBUG_INFORMATION_FORMAT = "dwarf-with-dsym";
				ENABLE_NS_ASSERTIONS = NO;
				ENABLE_STRICT_OBJC_MSGSEND = YES;
				GCC_C_LANGUAGE_STANDARD = gnu11;
				GCC_NO_COMMON_BLOCKS = YES;
				GCC_WARN_64_TO_32_BIT_CONVERSION = YES;
				GCC_WARN_ABOUT_RETURN_TYPE = YES_ERROR;
				GCC_WARN_UNDECLARED_SELECTOR = YES;
				GCC_WARN_UNINITIALIZED_AUTOS = YES_AGGRESSIVE;
				GCC_WARN_UNUSED_FUNCTION = YES;
				GCC_WARN_UNUSED_VARIABLE = YES;
				IPHONEOS_DEPLOYMENT_TARGET = 15.5;
				MTL_ENABLE_DEBUG_INFO = NO;
				MTL_FAST_MATH = YES;
				SDKROOT = iphoneos;
				SWIFT_COMPILATION_MODE = wholemodule;
				SWIFT_OPTIMIZATION_LEVEL = "-O";
				VALIDATE_PRODUCT = YES;
			};
			name = Release;
		};
		A145D88928B3C9B50027D822 /* Debug */ = {
			isa = XCBuildConfiguration;
			buildSettings = {
				ASSETCATALOG_COMPILER_APPICON_NAME = AppIcon;
				ASSETCATALOG_COMPILER_GLOBAL_ACCENT_COLOR_NAME = AccentColor;
				CODE_SIGN_STYLE = Automatic;
				CURRENT_PROJECT_VERSION = 1;
				DEVELOPMENT_ASSET_PATHS = "\"Africa/Preview Content\"";
				DEVELOPMENT_TEAM = 9S65KK5D35;
				ENABLE_PREVIEWS = YES;
				GENERATE_INFOPLIST_FILE = YES;
				INFOPLIST_FILE = Africa/Info.plist;
				INFOPLIST_KEY_UIApplicationSceneManifest_Generation = YES;
				INFOPLIST_KEY_UIApplicationSupportsIndirectInputEvents = YES;
				INFOPLIST_KEY_UISupportedInterfaceOrientations_iPad = "UIInterfaceOrientationPortrait UIInterfaceOrientationPortraitUpsideDown UIInterfaceOrientationLandscapeLeft UIInterfaceOrientationLandscapeRight";
				INFOPLIST_KEY_UISupportedInterfaceOrientations_iPhone = "UIInterfaceOrientationPortrait UIInterfaceOrientationLandscapeLeft UIInterfaceOrientationLandscapeRight";
				INFOPLIST_KEY_UIUserInterfaceStyle = Dark;
				LD_RUNPATH_SEARCH_PATHS = (
					"$(inherited)",
					"@executable_path/Frameworks",
				);
				MARKETING_VERSION = 1.0;
				PRODUCT_BUNDLE_IDENTIFIER = com.pojoclan.Africa;
				PRODUCT_NAME = "$(TARGET_NAME)";
				SWIFT_EMIT_LOC_STRINGS = YES;
				SWIFT_VERSION = 5.0;
				TARGETED_DEVICE_FAMILY = "1,2";
			};
			name = Debug;
		};
		A145D88A28B3C9B50027D822 /* Release */ = {
			isa = XCBuildConfiguration;
			buildSettings = {
				ASSETCATALOG_COMPILER_APPICON_NAME = AppIcon;
				ASSETCATALOG_COMPILER_GLOBAL_ACCENT_COLOR_NAME = AccentColor;
				CODE_SIGN_STYLE = Automatic;
				CURRENT_PROJECT_VERSION = 1;
				DEVELOPMENT_ASSET_PATHS = "\"Africa/Preview Content\"";
				DEVELOPMENT_TEAM = 9S65KK5D35;
				ENABLE_PREVIEWS = YES;
				GENERATE_INFOPLIST_FILE = YES;
				INFOPLIST_FILE = Africa/Info.plist;
				INFOPLIST_KEY_UIApplicationSceneManifest_Generation = YES;
				INFOPLIST_KEY_UIApplicationSupportsIndirectInputEvents = YES;
				INFOPLIST_KEY_UISupportedInterfaceOrientations_iPad = "UIInterfaceOrientationPortrait UIInterfaceOrientationPortraitUpsideDown UIInterfaceOrientationLandscapeLeft UIInterfaceOrientationLandscapeRight";
				INFOPLIST_KEY_UISupportedInterfaceOrientations_iPhone = "UIInterfaceOrientationPortrait UIInterfaceOrientationLandscapeLeft UIInterfaceOrientationLandscapeRight";
				INFOPLIST_KEY_UIUserInterfaceStyle = Dark;
				LD_RUNPATH_SEARCH_PATHS = (
					"$(inherited)",
					"@executable_path/Frameworks",
				);
				MARKETING_VERSION = 1.0;
				PRODUCT_BUNDLE_IDENTIFIER = com.pojoclan.Africa;
				PRODUCT_NAME = "$(TARGET_NAME)";
				SWIFT_EMIT_LOC_STRINGS = YES;
				SWIFT_VERSION = 5.0;
				TARGETED_DEVICE_FAMILY = "1,2";
			};
			name = Release;
		};
/* End XCBuildConfiguration section */

/* Begin XCConfigurationList section */
		A145D87528B3C9B30027D822 /* Build configuration list for PBXProject "Africa" */ = {
			isa = XCConfigurationList;
			buildConfigurations = (
				A145D88628B3C9B50027D822 /* Debug */,
				A145D88728B3C9B50027D822 /* Release */,
			);
			defaultConfigurationIsVisible = 0;
			defaultConfigurationName = Release;
		};
		A145D88828B3C9B50027D822 /* Build configuration list for PBXNativeTarget "Africa" */ = {
			isa = XCConfigurationList;
			buildConfigurations = (
				A145D88928B3C9B50027D822 /* Debug */,
				A145D88A28B3C9B50027D822 /* Release */,
			);
			defaultConfigurationIsVisible = 0;
			defaultConfigurationName = Release;
		};
/* End XCConfigurationList section */
	};
	rootObject = A145D87228B3C9B30027D822 /* Project object */;
}
