// !$*UTF8*$!
{
	archiveVersion = 1;
	classes = {
	};
	objectVersion = 55;
	objects = {

/* Begin PBXBuildFile section */
		A10AF88628AAD92400ADDD34 /* AudioPlayer.swift in Sources */ = {isa = PBXBuildFile; fileRef = A10AF88528AAD92400ADDD34 /* AudioPlayer.swift */; };
		A15B7E6428AA992E0087AD30 /* success.m4a in Resources */ = {isa = PBXBuildFile; fileRef = A15B7E6228AA992E0087AD30 /* success.m4a */; };
		A15B7E6528AA992E0087AD30 /* chimeup.mp3 in Resources */ = {isa = PBXBuildFile; fileRef = A15B7E6328AA992E0087AD30 /* chimeup.mp3 */; };
		A15B7E6C28AA9C780087AD30 /* OnboardingView.swift in Sources */ = {isa = PBXBuildFile; fileRef = A15B7E6B28AA9C780087AD30 /* OnboardingView.swift */; };
		A15B7E6E28AA9C810087AD30 /* HomeView.swift in Sources */ = {isa = PBXBuildFile; fileRef = A15B7E6D28AA9C810087AD30 /* HomeView.swift */; };
		A15B7E7028AAB7910087AD30 /* CircleGroupView.swift in Sources */ = {isa = PBXBuildFile; fileRef = A15B7E6F28AAB7910087AD30 /* CircleGroupView.swift */; };
		A1E55FF628AA8F0E004C2D40 /* RestartAppApp.swift in Sources */ = {isa = PBXBuildFile; fileRef = A1E55FF528AA8F0E004C2D40 /* RestartAppApp.swift */; };
		A1E55FF828AA8F0E004C2D40 /* ContentView.swift in Sources */ = {isa = PBXBuildFile; fileRef = A1E55FF728AA8F0E004C2D40 /* ContentView.swift */; };
		A1E55FFA28AA8F10004C2D40 /* Assets.xcassets in Resources */ = {isa = PBXBuildFile; fileRef = A1E55FF928AA8F10004C2D40 /* Assets.xcassets */; };
		A1E55FFD28AA8F10004C2D40 /* Preview Assets.xcassets in Resources */ = {isa = PBXBuildFile; fileRef = A1E55FFC28AA8F10004C2D40 /* Preview Assets.xcassets */; };
/* End PBXBuildFile section */

/* Begin PBXFileReference section */
		A10AF88528AAD92400ADDD34 /* AudioPlayer.swift */ = {isa = PBXFileReference; lastKnownFileType = sourcecode.swift; path = AudioPlayer.swift; sourceTree = "<group>"; };
		A15B7E6228AA992E0087AD30 /* success.m4a */ = {isa = PBXFileReference; lastKnownFileType = file; path = success.m4a; sourceTree = "<group>"; };
		A15B7E6328AA992E0087AD30 /* chimeup.mp3 */ = {isa = PBXFileReference; lastKnownFileType = audio.mp3; path = chimeup.mp3; sourceTree = "<group>"; };
		A15B7E6A28AA9C280087AD30 /* Info.plist */ = {isa = PBXFileReference; lastKnownFileType = text.plist; path = Info.plist; sourceTree = "<group>"; };
		A15B7E6B28AA9C780087AD30 /* OnboardingView.swift */ = {isa = PBXFileReference; lastKnownFileType = sourcecode.swift; path = OnboardingView.swift; sourceTree = "<group>"; };
		A15B7E6D28AA9C810087AD30 /* HomeView.swift */ = {isa = PBXFileReference; lastKnownFileType = sourcecode.swift; path = HomeView.swift; sourceTree = "<group>"; };
		A15B7E6F28AAB7910087AD30 /* CircleGroupView.swift */ = {isa = PBXFileReference; lastKnownFileType = sourcecode.swift; path = CircleGroupView.swift; sourceTree = "<group>"; };
		A1E55FF228AA8F0E004C2D40 /* RestartApp.app */ = {isa = PBXFileReference; explicitFileType = wrapper.application; includeInIndex = 0; path = RestartApp.app; sourceTree = BUILT_PRODUCTS_DIR; };
		A1E55FF528AA8F0E004C2D40 /* RestartAppApp.swift */ = {isa = PBXFileReference; lastKnownFileType = sourcecode.swift; path = RestartAppApp.swift; sourceTree = "<group>"; };
		A1E55FF728AA8F0E004C2D40 /* ContentView.swift */ = {isa = PBXFileReference; lastKnownFileType = sourcecode.swift; path = ContentView.swift; sourceTree = "<group>"; };
		A1E55FF928AA8F10004C2D40 /* Assets.xcassets */ = {isa = PBXFileReference; lastKnownFileType = folder.assetcatalog; path = Assets.xcassets; sourceTree = "<group>"; };
		A1E55FFC28AA8F10004C2D40 /* Preview Assets.xcassets */ = {isa = PBXFileReference; lastKnownFileType = folder.assetcatalog; path = "Preview Assets.xcassets"; sourceTree = "<group>"; };
/* End PBXFileReference section */

/* Begin PBXFrameworksBuildPhase section */
		A1E55FEF28AA8F0E004C2D40 /* Frameworks */ = {
			isa = PBXFrameworksBuildPhase;
			buildActionMask = 2147483647;
			files = (
			);
			runOnlyForDeploymentPostprocessing = 0;
		};
/* End PBXFrameworksBuildPhase section */

/* Begin PBXGroup section */
		A15B7E6628AA99340087AD30 /* Sounds */ = {
			isa = PBXGroup;
			children = (
				A15B7E6328AA992E0087AD30 /* chimeup.mp3 */,
				A15B7E6228AA992E0087AD30 /* success.m4a */,
			);
			path = Sounds;
			sourceTree = "<group>";
		};
		A15B7E6728AA9A7A0087AD30 /* Screens */ = {
			isa = PBXGroup;
			children = (
				A1E55FF728AA8F0E004C2D40 /* ContentView.swift */,
				A15B7E6B28AA9C780087AD30 /* OnboardingView.swift */,
				A15B7E6D28AA9C810087AD30 /* HomeView.swift */,
			);
			path = Screens;
			sourceTree = "<group>";
		};
		A15B7E6828AA9A810087AD30 /* Views */ = {
			isa = PBXGroup;
			children = (
				A15B7E6F28AAB7910087AD30 /* CircleGroupView.swift */,
			);
			path = Views;
			sourceTree = "<group>";
		};
		A15B7E6928AA9A9B0087AD30 /* Utilities */ = {
			isa = PBXGroup;
			children = (
				A10AF88528AAD92400ADDD34 /* AudioPlayer.swift */,
			);
			path = Utilities;
			sourceTree = "<group>";
		};
		A1E55FE928AA8F0E004C2D40 = {
			isa = PBXGroup;
			children = (
				A1E55FF428AA8F0E004C2D40 /* RestartApp */,
				A1E55FF328AA8F0E004C2D40 /* Products */,
			);
			sourceTree = "<group>";
		};
		A1E55FF328AA8F0E004C2D40 /* Products */ = {
			isa = PBXGroup;
			children = (
				A1E55FF228AA8F0E004C2D40 /* RestartApp.app */,
			);
			name = Products;
			sourceTree = "<group>";
		};
		A1E55FF428AA8F0E004C2D40 /* RestartApp */ = {
			isa = PBXGroup;
			children = (
				A15B7E6A28AA9C280087AD30 /* Info.plist */,
				A1E55FF528AA8F0E004C2D40 /* RestartAppApp.swift */,
				A15B7E6828AA9A810087AD30 /* Views */,
				A15B7E6728AA9A7A0087AD30 /* Screens */,
				A15B7E6628AA99340087AD30 /* Sounds */,
				A15B7E6928AA9A9B0087AD30 /* Utilities */,
				A1E55FF928AA8F10004C2D40 /* Assets.xcassets */,
				A1E55FFB28AA8F10004C2D40 /* Preview Content */,
			);
			path = RestartApp;
			sourceTree = "<group>";
		};
		A1E55FFB28AA8F10004C2D40 /* Preview Content */ = {
			isa = PBXGroup;
			children = (
				A1E55FFC28AA8F10004C2D40 /* Preview Assets.xcassets */,
			);
			path = "Preview Content";
			sourceTree = "<group>";
		};
/* End PBXGroup section */

/* Begin PBXNativeTarget section */
		A1E55FF128AA8F0E004C2D40 /* RestartApp */ = {
			isa = PBXNativeTarget;
			buildConfigurationList = A1E5600028AA8F10004C2D40 /* Build configuration list for PBXNativeTarget "RestartApp" */;
			buildPhases = (
				A1E55FEE28AA8F0E004C2D40 /* Sources */,
				A1E55FEF28AA8F0E004C2D40 /* Frameworks */,
				A1E55FF028AA8F0E004C2D40 /* Resources */,
			);
			buildRules = (
			);
			dependencies = (
			);
			name = RestartApp;
			productName = RestartApp;
			productReference = A1E55FF228AA8F0E004C2D40 /* RestartApp.app */;
			productType = "com.apple.product-type.application";
		};
/* End PBXNativeTarget section */

/* Begin PBXProject section */
		A1E55FEA28AA8F0E004C2D40 /* Project object */ = {
			isa = PBXProject;
			attributes = {
				BuildIndependentTargetsInParallel = 1;
				LastSwiftUpdateCheck = 1340;
				LastUpgradeCheck = 1340;
				TargetAttributes = {
					A1E55FF128AA8F0E004C2D40 = {
						CreatedOnToolsVersion = 13.4.1;
					};
				};
			};
			buildConfigurationList = A1E55FED28AA8F0E004C2D40 /* Build configuration list for PBXProject "RestartApp" */;
			compatibilityVersion = "Xcode 13.0";
			developmentRegion = en;
			hasScannedForEncodings = 0;
			knownRegions = (
				en,
				Base,
			);
			mainGroup = A1E55FE928AA8F0E004C2D40;
			productRefGroup = A1E55FF328AA8F0E004C2D40 /* Products */;
			projectDirPath = "";
			projectRoot = "";
			targets = (
				A1E55FF128AA8F0E004C2D40 /* RestartApp */,
			);
		};
/* End PBXProject section */

/* Begin PBXResourcesBuildPhase section */
		A1E55FF028AA8F0E004C2D40 /* Resources */ = {
			isa = PBXResourcesBuildPhase;
			buildActionMask = 2147483647;
			files = (
				A15B7E6528AA992E0087AD30 /* chimeup.mp3 in Resources */,
				A1E55FFD28AA8F10004C2D40 /* Preview Assets.xcassets in Resources */,
				A15B7E6428AA992E0087AD30 /* success.m4a in Resources */,
				A1E55FFA28AA8F10004C2D40 /* Assets.xcassets in Resources */,
			);
			runOnlyForDeploymentPostprocessing = 0;
		};
/* End PBXResourcesBuildPhase section */

/* Begin PBXSourcesBuildPhase section */
		A1E55FEE28AA8F0E004C2D40 /* Sources */ = {
			isa = PBXSourcesBuildPhase;
			buildActionMask = 2147483647;
			files = (
				A15B7E7028AAB7910087AD30 /* CircleGroupView.swift in Sources */,
				A15B7E6C28AA9C780087AD30 /* OnboardingView.swift in Sources */,
				A15B7E6E28AA9C810087AD30 /* HomeView.swift in Sources */,
				A1E55FF828AA8F0E004C2D40 /* ContentView.swift in Sources */,
				A1E55FF628AA8F0E004C2D40 /* RestartAppApp.swift in Sources */,
				A10AF88628AAD92400ADDD34 /* AudioPlayer.swift in Sources */,
			);
			runOnlyForDeploymentPostprocessing = 0;
		};
/* End PBXSourcesBuildPhase section */

/* Begin XCBuildConfiguration section */
		A1E55FFE28AA8F10004C2D40 /* Debug */ = {
			isa = XCBuildConfiguration;
			buildSettings = {
				ALWAYS_SEARCH_USER_PATHS = NO;
				CLANG_ANALYZER_NONNULL = YES;
				CLANG_ANALYZER_NUMBER_OBJECT_CONVERSION = YES_AGGRESSIVE;
				CLANG_CXX_LANGUAGE_STANDARD = "gnu++17";
				CLANG_ENABLE_MODULES = YES;
				CLANG_ENABLE_OBJC_ARC = YES;
				CLANG_ENABLE_OBJC_WEAK = YES;
				CLANG_WARN_BLOCK_CAPTURE_AUTORELEASING = YES;
				CLANG_WARN_BOOL_CONVERSION = YES;
				CLANG_WARN_COMMA = YES;
				CLANG_WARN_CONSTANT_CONVERSION = YES;
				CLANG_WARN_DEPRECATED_OBJC_IMPLEMENTATIONS = YES;
				CLANG_WARN_DIRECT_OBJC_ISA_USAGE = YES_ERROR;
				CLANG_WARN_DOCUMENTATION_COMMENTS = YES;
				CLANG_WARN_EMPTY_BODY = YES;
				CLANG_WARN_ENUM_CONVERSION = YES;
				CLANG_WARN_INFINITE_RECURSION = YES;
				CLANG_WARN_INT_CONVERSION = YES;
				CLANG_WARN_NON_LITERAL_NULL_CONVERSION = YES;
				CLANG_WARN_OBJC_IMPLICIT_RETAIN_SELF = YES;
				CLANG_WARN_OBJC_LITERAL_CONVERSION = YES;
				CLANG_WARN_OBJC_ROOT_CLASS = YES_ERROR;
				CLANG_WARN_QUOTED_INCLUDE_IN_FRAMEWORK_HEADER = YES;
				CLANG_WARN_RANGE_LOOP_ANALYSIS = YES;
				CLANG_WARN_STRICT_PROTOTYPES = YES;
				CLANG_WARN_SUSPICIOUS_MOVE = YES;
				CLANG_WARN_UNGUARDED_AVAILABILITY = YES_AGGRESSIVE;
				CLANG_WARN_UNREACHABLE_CODE = YES;
				CLANG_WARN__DUPLICATE_METHOD_MATCH = YES;
				COPY_PHASE_STRIP = NO;
				DEBUG_INFORMATION_FORMAT = dwarf;
				ENABLE_STRICT_OBJC_MSGSEND = YES;
				ENABLE_TESTABILITY = YES;
				GCC_C_LANGUAGE_STANDARD = gnu11;
				GCC_DYNAMIC_NO_PIC = NO;
				GCC_NO_COMMON_BLOCKS = YES;
				GCC_OPTIMIZATION_LEVEL = 0;
				GCC_PREPROCESSOR_DEFINITIONS = (
					"DEBUG=1",
					"$(inherited)",
				);
				GCC_WARN_64_TO_32_BIT_CONVERSION = YES;
				GCC_WARN_ABOUT_RETURN_TYPE = YES_ERROR;
				GCC_WARN_UNDECLARED_SELECTOR = YES;
				GCC_WARN_UNINITIALIZED_AUTOS = YES_AGGRESSIVE;
				GCC_WARN_UNUSED_FUNCTION = YES;
				GCC_WARN_UNUSED_VARIABLE = YES;
				IPHONEOS_DEPLOYMENT_TARGET = 15.5;
				MTL_ENABLE_DEBUG_INFO = INCLUDE_SOURCE;
				MTL_FAST_MATH = YES;
				ONLY_ACTIVE_ARCH = YES;
				SDKROOT = iphoneos;
				SWIFT_ACTIVE_COMPILATION_CONDITIONS = DEBUG;
				SWIFT_OPTIMIZATION_LEVEL = "-Onone";
			};
			name = Debug;
		};
		A1E55FFF28AA8F10004C2D40 /* Release */ = {
			isa = XCBuildConfiguration;
			buildSettings = {
				ALWAYS_SEARCH_USER_PATHS = NO;
				CLANG_ANALYZER_NONNULL = YES;
				CLANG_ANALYZER_NUMBER_OBJECT_CONVERSION = YES_AGGRESSIVE;
				CLANG_CXX_LANGUAGE_STANDARD = "gnu++17";
				CLANG_ENABLE_MODULES = YES;
				CLANG_ENABLE_OBJC_ARC = YES;
				CLANG_ENABLE_OBJC_WEAK = YES;
				CLANG_WARN_BLOCK_CAPTURE_AUTORELEASING = YES;
				CLANG_WARN_BOOL_CONVERSION = YES;
				CLANG_WARN_COMMA = YES;
				CLANG_WARN_CONSTANT_CONVERSION = YES;
				CLANG_WARN_DEPRECATED_OBJC_IMPLEMENTATIONS = YES;
				CLANG_WARN_DIRECT_OBJC_ISA_USAGE = YES_ERROR;
				CLANG_WARN_DOCUMENTATION_COMMENTS = YES;
				CLANG_WARN_EMPTY_BODY = YES;
				CLANG_WARN_ENUM_CONVERSION = YES;
				CLANG_WARN_INFINITE_RECURSION = YES;
				CLANG_WARN_INT_CONVERSION = YES;
				CLANG_WARN_NON_LITERAL_NULL_CONVERSION = YES;
				CLANG_WARN_OBJC_IMPLICIT_RETAIN_SELF = YES;
				CLANG_WARN_OBJC_LITERAL_CONVERSION = YES;
				CLANG_WARN_OBJC_ROOT_CLASS = YES_ERROR;
				CLANG_WARN_QUOTED_INCLUDE_IN_FRAMEWORK_HEADER = YES;
				CLANG_WARN_RANGE_LOOP_ANALYSIS = YES;
				CLANG_WARN_STRICT_PROTOTYPES = YES;
				CLANG_WARN_SUSPICIOUS_MOVE = YES;
				CLANG_WARN_UNGUARDED_AVAILABILITY = YES_AGGRESSIVE;
				CLANG_WARN_UNREACHABLE_CODE = YES;
				CLANG_WARN__DUPLICATE_METHOD_MATCH = YES;
				COPY_PHASE_STRIP = NO;
				DEBUG_INFORMATION_FORMAT = "dwarf-with-dsym";
				ENABLE_NS_ASSERTIONS = NO;
				ENABLE_STRICT_OBJC_MSGSEND = YES;
				GCC_C_LANGUAGE_STANDARD = gnu11;
				GCC_NO_COMMON_BLOCKS = YES;
				GCC_WARN_64_TO_32_BIT_CONVERSION = YES;
				GCC_WARN_ABOUT_RETURN_TYPE = YES_ERROR;
				GCC_WARN_UNDECLARED_SELECTOR = YES;
				GCC_WARN_UNINITIALIZED_AUTOS = YES_AGGRESSIVE;
				GCC_WARN_UNUSED_FUNCTION = YES;
				GCC_WARN_UNUSED_VARIABLE = YES;
				IPHONEOS_DEPLOYMENT_TARGET = 15.5;
				MTL_ENABLE_DEBUG_INFO = NO;
				MTL_FAST_MATH = YES;
				SDKROOT = iphoneos;
				SWIFT_COMPILATION_MODE = wholemodule;
				SWIFT_OPTIMIZATION_LEVEL = "-O";
				VALIDATE_PRODUCT = YES;
			};
			name = Release;
		};
		A1E5600128AA8F10004C2D40 /* Debug */ = {
			isa = XCBuildConfiguration;
			buildSettings = {
				ASSETCATALOG_COMPILER_APPICON_NAME = AppIcon;
				ASSETCATALOG_COMPILER_GLOBAL_ACCENT_COLOR_NAME = AccentColor;
				CODE_SIGN_STYLE = Automatic;
				CURRENT_PROJECT_VERSION = 1;
				DEVELOPMENT_ASSET_PATHS = "\"RestartApp/Preview Content\"";
				DEVELOPMENT_TEAM = 9S65KK5D35;
				ENABLE_PREVIEWS = YES;
				GENERATE_INFOPLIST_FILE = YES;
				INFOPLIST_FILE = RestartApp/Info.plist;
				INFOPLIST_KEY_UIApplicationSceneManifest_Generation = YES;
				INFOPLIST_KEY_UIApplicationSupportsIndirectInputEvents = YES;
				INFOPLIST_KEY_UISupportedInterfaceOrientations = UIInterfaceOrientationPortrait;
				INFOPLIST_KEY_UISupportedInterfaceOrientations_iPad = "UIInterfaceOrientationPortrait UIInterfaceOrientationPortraitUpsideDown UIInterfaceOrientationLandscapeLeft UIInterfaceOrientationLandscapeRight";
				INFOPLIST_KEY_UISupportedInterfaceOrientations_iPhone = UIInterfaceOrientationPortrait;
				LD_RUNPATH_SEARCH_PATHS = (
					"$(inherited)",
					"@executable_path/Frameworks",
				);
				MARKETING_VERSION = 1.0;
				PRODUCT_BUNDLE_IDENTIFIER = com.pojoclan.RestartApp;
				PRODUCT_NAME = "$(TARGET_NAME)";
				SWIFT_EMIT_LOC_STRINGS = YES;
				SWIFT_VERSION = 5.0;
				TARGETED_DEVICE_FAMILY = "1,2";
			};
			name = Debug;
		};
		A1E5600228AA8F10004C2D40 /* Release */ = {
			isa = XCBuildConfiguration;
			buildSettings = {
				ASSETCATALOG_COMPILER_APPICON_NAME = AppIcon;
				ASSETCATALOG_COMPILER_GLOBAL_ACCENT_COLOR_NAME = AccentColor;
				CODE_SIGN_STYLE = Automatic;
				CURRENT_PROJECT_VERSION = 1;
				DEVELOPMENT_ASSET_PATHS = "\"RestartApp/Preview Content\"";
				DEVELOPMENT_TEAM = 9S65KK5D35;
				ENABLE_PREVIEWS = YES;
				GENERATE_INFOPLIST_FILE = YES;
				INFOPLIST_FILE = RestartApp/Info.plist;
				INFOPLIST_KEY_UIApplicationSceneManifest_Generation = YES;
				INFOPLIST_KEY_UIApplicationSupportsIndirectInputEvents = YES;
				INFOPLIST_KEY_UISupportedInterfaceOrientations = UIInterfaceOrientationPortrait;
				INFOPLIST_KEY_UISupportedInterfaceOrientations_iPad = "UIInterfaceOrientationPortrait UIInterfaceOrientationPortraitUpsideDown UIInterfaceOrientationLandscapeLeft UIInterfaceOrientationLandscapeRight";
				INFOPLIST_KEY_UISupportedInterfaceOrientations_iPhone = UIInterfaceOrientationPortrait;
				LD_RUNPATH_SEARCH_PATHS = (
					"$(inherited)",
					"@executable_path/Frameworks",
				);
				MARKETING_VERSION = 1.0;
				PRODUCT_BUNDLE_IDENTIFIER = com.pojoclan.RestartApp;
				PRODUCT_NAME = "$(TARGET_NAME)";
				SWIFT_EMIT_LOC_STRINGS = YES;
				SWIFT_VERSION = 5.0;
				TARGETED_DEVICE_FAMILY = "1,2";
			};
			name = Release;
		};
/* End XCBuildConfiguration section */

/* Begin XCConfigurationList section */
		A1E55FED28AA8F0E004C2D40 /* Build configuration list for PBXProject "RestartApp" */ = {
			isa = XCConfigurationList;
			buildConfigurations = (
				A1E55FFE28AA8F10004C2D40 /* Debug */,
				A1E55FFF28AA8F10004C2D40 /* Release */,
			);
			defaultConfigurationIsVisible = 0;
			defaultConfigurationName = Release;
		};
		A1E5600028AA8F10004C2D40 /* Build configuration list for PBXNativeTarget "RestartApp" */ = {
			isa = XCConfigurationList;
			buildConfigurations = (
				A1E5600128AA8F10004C2D40 /* Debug */,
				A1E5600228AA8F10004C2D40 /* Release */,
			);
			defaultConfigurationIsVisible = 0;
			defaultConfigurationName = Release;
		};
/* End XCConfigurationList section */
	};
	rootObject = A1E55FEA28AA8F0E004C2D40 /* Project object */;
}
